
Microsoft Visual Studio Solution File, Format Version 11.00
# Visual Studio 2010
Project("{FAE04EC0-301F-11D3-BF4B-00C04F79EFBC}") = "Winsion.Core", "Winsion.Core\Winsion.Core.csproj", "{585C56AB-410A-4F12-BEBB-D084763D64B2}"
EndProject
Project("{FAE04EC0-301F-11D3-BF4B-00C04F79EFBC}") = "Winsion.Core.Hibernate", "Winsion.Core.Hibernate\Winsion.Core.Hibernate.csproj", "{6C5AFCF8-A57B-4A36-ADEB-BF0B2EFC78A1}"
EndProject
Project("{FAE04EC0-301F-11D3-BF4B-00C04F79EFBC}") = "Winsion.ServiceModel.Share", "Winsion.ServiceModel.Share\Winsion.ServiceModel.Share.csproj", "{A4AA33AD-D255-4281-ACD1-382E1DCD218D}"
EndProject
Project("{FAE04EC0-301F-11D3-BF4B-00C04F79EFBC}") = "Winsion.ServiceProxy.Utils", "Winsion.ServiceProxy.Utils\Winsion.ServiceProxy.Utils.csproj", "{6883DCD7-4FB3-4A38-B53D-8288F2374FC8}"
EndProject
Global
	GlobalSection(SolutionConfigurationPlatforms) = preSolution
		Debug|Any CPU = Debug|Any CPU
		Debug|Mixed Platforms = Debug|Mixed Platforms
		Debug|x86 = Debug|x86
		Release|Any CPU = Release|Any CPU
		Release|Mixed Platforms = Release|Mixed Platforms
		Release|x86 = Release|x86
	EndGlobalSection
	GlobalSection(ProjectConfigurationPlatforms) = postSolution
		{585C56AB-410A-4F12-BEBB-D084763D64B2}.Debug|Any CPU.ActiveCfg = Debug|Any CPU
		{585C56AB-410A-4F12-BEBB-D084763D64B2}.Debug|Any CPU.Build.0 = Debug|Any CPU
		{585C56AB-410A-4F12-BEBB-D084763D64B2}.Debug|Mixed Platforms.ActiveCfg = Debug|Any CPU
		{585C56AB-410A-4F12-BEBB-D084763D64B2}.Debug|Mixed Platforms.Build.0 = Debug|Any CPU
		{585C56AB-410A-4F12-BEBB-D084763D64B2}.Debug|x86.ActiveCfg = Debug|Any CPU
		{585C56AB-410A-4F12-BEBB-D084763D64B2}.Release|Any CPU.ActiveCfg = Release|Any CPU
		{585C56AB-410A-4F12-BEBB-D084763D64B2}.Release|Any CPU.Build.0 = Release|Any CPU
		{585C56AB-410A-4F12-BEBB-D084763D64B2}.Release|Mixed Platforms.ActiveCfg = Release|Any CPU
		{585C56AB-410A-4F12-BEBB-D084763D64B2}.Release|Mixed Platforms.Build.0 = Release|Any CPU
		{585C56AB-410A-4F12-BEBB-D084763D64B2}.Release|x86.ActiveCfg = Release|Any CPU
		{6C5AFCF8-A57B-4A36-ADEB-BF0B2EFC78A1}.Debug|Any CPU.ActiveCfg = Debug|x86
		{6C5AFCF8-A57B-4A36-ADEB-BF0B2EFC78A1}.Debug|Mixed Platforms.ActiveCfg = Debug|x86
		{6C5AFCF8-A57B-4A36-ADEB-BF0B2EFC78A1}.Debug|Mixed Platforms.Build.0 = Debug|x86
		{6C5AFCF8-A57B-4A36-ADEB-BF0B2EFC78A1}.Debug|x86.ActiveCfg = Debug|x86
		{6C5AFCF8-A57B-4A36-ADEB-BF0B2EFC78A1}.Debug|x86.Build.0 = Debug|x86
		{6C5AFCF8-A57B-4A36-ADEB-BF0B2EFC78A1}.Release|Any CPU.ActiveCfg = Release|x86
		{6C5AFCF8-A57B-4A36-ADEB-BF0B2EFC78A1}.Release|Mixed Platforms.ActiveCfg = Release|x86
		{6C5AFCF8-A57B-4A36-ADEB-BF0B2EFC78A1}.Release|Mixed Platforms.Build.0 = Release|x86
		{6C5AFCF8-A57B-4A36-ADEB-BF0B2EFC78A1}.Release|x86.ActiveCfg = Release|x86
		{6C5AFCF8-A57B-4A36-ADEB-BF0B2EFC78A1}.Release|x86.Build.0 = Release|x86
		{A4AA33AD-D255-4281-ACD1-382E1DCD218D}.Debug|Any CPU.ActiveCfg = Debug|x86
		{A4AA33AD-D255-4281-ACD1-382E1DCD218D}.Debug|Mixed Platforms.ActiveCfg = Debug|x86
		{A4AA33AD-D255-4281-ACD1-382E1DCD218D}.Debug|Mixed Platforms.Build.0 = Debug|x86
		{A4AA33AD-D255-4281-ACD1-382E1DCD218D}.Debug|x86.ActiveCfg = Debug|x86
		{A4AA33AD-D255-4281-ACD1-382E1DCD218D}.Debug|x86.Build.0 = Debug|x86
		{A4AA33AD-D255-4281-ACD1-382E1DCD218D}.Release|Any CPU.ActiveCfg = Release|x86
		{A4AA33AD-D255-4281-ACD1-382E1DCD218D}.Release|Mixed Platforms.ActiveCfg = Release|x86
		{A4AA33AD-D255-4281-ACD1-382E1DCD218D}.Release|Mixed Platforms.Build.0 = Release|x86
		{A4AA33AD-D255-4281-ACD1-382E1DCD218D}.Release|x86.ActiveCfg = Release|x86
		{A4AA33AD-D255-4281-ACD1-382E1DCD218D}.Release|x86.Build.0 = Release|x86
		{6883DCD7-4FB3-4A38-B53D-8288F2374FC8}.Debug|Any CPU.ActiveCfg = Debug|Any CPU
		{6883DCD7-4FB3-4A38-B53D-8288F2374FC8}.Debug|Any CPU.Build.0 = Debug|Any CPU
		{6883DCD7-4FB3-4A38-B53D-8288F2374FC8}.Debug|Mixed Platforms.ActiveCfg = Debug|Any CPU
		{6883DCD7-4FB3-4A38-B53D-8288F2374FC8}.Debug|Mixed Platforms.Build.0 = Debug|Any CPU
		{6883DCD7-4FB3-4A38-B53D-8288F2374FC8}.Debug|x86.ActiveCfg = Debug|Any CPU
		{6883DCD7-4FB3-4A38-B53D-8288F2374FC8}.Release|Any CPU.ActiveCfg = Release|Any CPU
		{6883DCD7-4FB3-4A38-B53D-8288F2374FC8}.Release|Any CPU.Build.0 = Release|Any CPU
		{6883DCD7-4FB3-4A38-B53D-8288F2374FC8}.Release|Mixed Platforms.ActiveCfg = Release|Any CPU
		{6883DCD7-4FB3-4A38-B53D-8288F2374FC8}.Release|Mixed Platforms.Build.0 = Release|Any CPU
		{6883DCD7-4FB3-4A38-B53D-8288F2374FC8}.Release|x86.ActiveCfg = Release|Any CPU
	EndGlobalSection
	GlobalSection(SolutionProperties) = preSolution
		HideSolutionNode = FALSE
	EndGlobalSection
EndGlobal
